
Microsoft Visual Studio Solution File, Format Version 12.00
# Visual Studio Version 17
VisualStudioVersion = 17.13.35825.156 d17.13
MinimumVisualStudioVersion = 10.0.40219.1
Project("{FAE04EC0-301F-11D3-BF4B-00C04F79EFBC}") = "GitHubUserActivity", "GitHubUserActivity\GitHubUserActivity.csproj", "{AF47C6CA-BB5C-4146-8D4A-83BB2FFB4A4E}"
EndProject
Global
	GlobalSection(SolutionConfigurationPlatforms) = preSolution
		Debug|Any CPU = Debug|Any CPU
		Release|Any CPU = Release|Any CPU
	EndGlobalSection
	GlobalSection(ProjectConfigurationPlatforms) = postSolution
		{AF47C6CA-BB5C-4146-8D4A-83BB2FFB4A4E}.Debug|Any CPU.ActiveCfg = Debug|Any CPU
		{AF47C6CA-BB5C-4146-8D4A-83BB2FFB4A4E}.Debug|Any CPU.Build.0 = Debug|Any CPU
		{AF47C6CA-BB5C-4146-8D4A-83BB2FFB4A4E}.Release|Any CPU.ActiveCfg = Release|Any CPU
		{AF47C6CA-BB5C-4146-8D4A-83BB2FFB4A4E}.Release|Any CPU.Build.0 = Release|Any CPU
	EndGlobalSection
	GlobalSection(SolutionProperties) = preSolution
		HideSolutionNode = FALSE
	EndGlobalSection
	GlobalSection(ExtensibilityGlobals) = postSolution
		SolutionGuid = {E7A3B711-C85E-4F3D-B8C7-CFC078FD5E2C}
	EndGlobalSection
EndGlobal
